
Microsoft Visual Studio Solution File, Format Version 12.00
# Visual Studio 15
VisualStudioVersion = 15.0.27428.2037
MinimumVisualStudioVersion = 10.0.40219.1
Project("{FAE04EC0-301F-11D3-BF4B-00C04F79EFBC}") = "SanityArchiver", "SanityArchiver\SanityArchiver.csproj", "{2C9FB832-24A3-4150-B8C7-FD56C18BABAF}"
EndProject
Global
	GlobalSection(SolutionConfigurationPlatforms) = preSolution
		Debug|Any CPU = Debug|Any CPU
		Release|Any CPU = Release|Any CPU
	EndGlobalSection
	GlobalSection(ProjectConfigurationPlatforms) = postSolution
		{2C9FB832-24A3-4150-B8C7-FD56C18BABAF}.Debug|Any CPU.ActiveCfg = Debug|Any CPU
		{2C9FB832-24A3-4150-B8C7-FD56C18BABAF}.Debug|Any CPU.Build.0 = Debug|Any CPU
		{2C9FB832-24A3-4150-B8C7-FD56C18BABAF}.Release|Any CPU.ActiveCfg = Release|Any CPU
		{2C9FB832-24A3-4150-B8C7-FD56C18BABAF}.Release|Any CPU.Build.0 = Release|Any CPU
	EndGlobalSection
	GlobalSection(SolutionProperties) = preSolution
		HideSolutionNode = FALSE
	EndGlobalSection
	GlobalSection(ExtensibilityGlobals) = postSolution
		SolutionGuid = {2DF421BC-4959-461F-A3A1-CD93DF3808F0}
	EndGlobalSection
EndGlobal
